
Microsoft Visual Studio Solution File, Format Version 12.00
# Visual Studio Version 17
VisualStudioVersion = 17.7.34031.279
MinimumVisualStudioVersion = 10.0.40219.1
Project("{FAE04EC0-301F-11D3-BF4B-00C04F79EFBC}") = "Project206", "Project206.csproj", "{69184DD3-3EB0-46FD-BEBC-C7589D056834}"
EndProject
Global
	GlobalSection(SolutionConfigurationPlatforms) = preSolution
		Debug|Any CPU = Debug|Any CPU
		Release|Any CPU = Release|Any CPU
	EndGlobalSection
	GlobalSection(ProjectConfigurationPlatforms) = postSolution
		{69184DD3-3EB0-46FD-BEBC-C7589D056834}.Debug|Any CPU.ActiveCfg = Debug|Any CPU
		{69184DD3-3EB0-46FD-BEBC-C7589D056834}.Debug|Any CPU.Build.0 = Debug|Any CPU
		{69184DD3-3EB0-46FD-BEBC-C7589D056834}.Release|Any CPU.ActiveCfg = Release|Any CPU
		{69184DD3-3EB0-46FD-BEBC-C7589D056834}.Release|Any CPU.Build.0 = Release|Any CPU
	EndGlobalSection
	GlobalSection(SolutionProperties) = preSolution
		HideSolutionNode = FALSE
	EndGlobalSection
	GlobalSection(ExtensibilityGlobals) = postSolution
		SolutionGuid = {DCFEAA44-2630-4054-AC8C-C2993A8D21E2}
	EndGlobalSection
EndGlobal
